# This file is autogenerated, do not edit; changes may be undone by the next 'dep ensure'.


[[projects]]
  digest = "1:409266df3d93615b78c1d05ff7131882782756cb44442acface446c4063d45db"
  name = "github.com/eclipse/paho.mqtt.golang"
  packages = [
    ".",
    "packets",
  ]
  pruneopts = "UT"
  revision = "13afcbe8e41508479762a90e9242577210c2ca8d"

[[projects]]
  branch = "master"
  digest = "1:3fb07f8e222402962fa190eb060608b34eddfb64562a18e2167df2de0ece85d8"
  name = "github.com/golang/groupcache"
  packages = ["lru"]
  pruneopts = "UT"
  revision = "24b0969c4cb722950103eed87108c8d291a8df00"

[[projects]]
  digest = "1:b4bc4f5d64ac265334eb14d6da250755107eb6aba9cc46371bfa6eb98b559af7"
  name = "github.com/golang/protobuf"
  packages = [
    "proto",
    "protoc-gen-go/descriptor",
  ]
  pruneopts = "UT"
  revision = "7a211bcf3bce0e3f1d74f9894916e6f116ae83b4"

[[projects]]
  branch = "master"
  digest = "1:c5dcc68d235fb801abc4fde2075d97a1d24a49f04ecf4217c4a843f34e7c635a"
  name = "github.com/linux4life798/dproto"
  packages = ["."]
  pruneopts = "UT"
  revision = "b1ef270706d7882bf19e787e43f01aefcd62310b"

[[projects]]
  digest = "1:a21994cf2bcc363647f7e7486826209d3956652f1a383dbfe951568661e9923e"
  name = "github.com/openchirp/framework"
  packages = [
    ".",
    "pubsub",
    "rest",
  ]
  pruneopts = "UT"
  revision = "59b32f17b56d1d5a6f945e2b162f86337eda2cb8"
  version = "v1.0"

[[projects]]
  digest = "1:fb011abd58a582cf867409273f372fc6437eda670ff02055c47e6203e90466d7"
  name = "github.com/sirupsen/logrus"
  packages = ["."]
  pruneopts = "UT"
  revision = "89742aefa4b206dcf400792f3bd35b542998eb3b"

[[projects]]
  digest = "1:8080e1aba103c6ed33937dfdfbaebb3438721ee58a4bf8bb9d2a1ffa0f5d25f6"
  name = "github.com/urfave/cli"
  packages = ["."]
  pruneopts = "UT"
  revision = "f017f86fccc5a039a98f23311f34fdf78b014f78"

[[projects]]
  digest = "1:624a05c7c6ed502bf77364cd3d54631383dafc169982fddd8ee77b53c3d9cccf"
  name = "golang.org/x/crypto"
  packages = ["ssh/terminal"]
  pruneopts = "UT"
  revision = "81e90905daefcd6fd217b62423c0908922eadb30"

[[projects]]
  digest = "1:845c2878ddaa174523d1e096d61e0ebb349855d81dde54e6dbc2c3dbf431b68a"
  name = "golang.org/x/net"
  packages = ["websocket"]
  pruneopts = "UT"
  revision = "5b58a9c3e1690d33a592e5b791638e25eb9b3f70"

[[projects]]
  digest = "1:008a7d1322149506162a0562226c5c35f53ac012e124b179eea1657d92a54439"
  name = "golang.org/x/sys"
  packages = [
    "unix",
    "windows",
  ]
  pruneopts = "UT"
  revision = "9aade4d3a3b7e6d876cd3823ad20ec45fc035402"

[solve-meta]
  analyzer-name = "dep"
  analyzer-version = 1
  input-imports = [
    "github.com/golang/protobuf/protoc-gen-go/descriptor",
    "github.com/linux4life798/dproto",
    "github.com/openchirp/framework",
    "github.com/openchirp/framework/pubsub",
    "github.com/openchirp/framework/rest",
    "github.com/sirupsen/logrus",
    "github.com/urfave/cli",
  ]
  solver-name = "gps-cdcl"
  solver-version = 1
